{
  "name": "soft_nuvem",
  "version": "1.0.0",
  "lockfileVersion": 3,
  "requires": true,
  "packages": {
    "": {
      "name": "soft_nuvem",
      "version": "1.0.0",
      "license": "ISC",
      "dependencies": {
        "soft_nuvem": "file:"
      }
    },
    "node_modules/soft_nuvem": {
      "resolved": "",
      "link": true
    }
  }
}
